// !$*UTF8*$!
{
	archiveVersion = 1;
	classes = {
	};
	objectVersion = 56;
	objects = {

/* Begin PBXBuildFile section */
		F71B5DED292F82D8007E3730 /* study_swiftApp.swift in Sources */ = {isa = PBXBuildFile; fileRef = F71B5DEC292F82D8007E3730 /* study_swiftApp.swift */; };
		F71B5DEF292F82D8007E3730 /* ContentView.swift in Sources */ = {isa = PBXBuildFile; fileRef = F71B5DEE292F82D8007E3730 /* ContentView.swift */; };
		F71B5DF1292F82D9007E3730 /* Assets.xcassets in Resources */ = {isa = PBXBuildFile; fileRef = F71B5DF0292F82D9007E3730 /* Assets.xcassets */; };
		F71B5DF4292F82D9007E3730 /* Preview Assets.xcassets in Resources */ = {isa = PBXBuildFile; fileRef = F71B5DF3292F82D9007E3730 /* Preview Assets.xcassets */; };
		F71B5DFE292F82D9007E3730 /* study_swiftTests.swift in Sources */ = {isa = PBXBuildFile; fileRef = F71B5DFD292F82D9007E3730 /* study_swiftTests.swift */; };
		F71B5E08292F82D9007E3730 /* study_swiftUITests.swift in Sources */ = {isa = PBXBuildFile; fileRef = F71B5E07292F82D9007E3730 /* study_swiftUITests.swift */; };
		F71B5E0A292F82D9007E3730 /* study_swiftUITestsLaunchTests.swift in Sources */ = {isa = PBXBuildFile; fileRef = F71B5E09292F82D9007E3730 /* study_swiftUITestsLaunchTests.swift */; };
/* End PBXBuildFile section */

/* Begin PBXContainerItemProxy section */
		F71B5DFA292F82D9007E3730 /* PBXContainerItemProxy */ = {
			isa = PBXContainerItemProxy;
			containerPortal = F71B5DE1292F82D8007E3730 /* Project object */;
			proxyType = 1;
			remoteGlobalIDString = F71B5DE8292F82D8007E3730;
			remoteInfo = study_swift;
		};
		F71B5E04292F82D9007E3730 /* PBXContainerItemProxy */ = {
			isa = PBXContainerItemProxy;
			containerPortal = F71B5DE1292F82D8007E3730 /* Project object */;
			proxyType = 1;
			remoteGlobalIDString = F71B5DE8292F82D8007E3730;
			remoteInfo = study_swift;
		};
/* End PBXContainerItemProxy section */

/* Begin PBXFileReference section */
		F71B5DE9292F82D8007E3730 /* study_swift.app */ = {isa = PBXFileReference; explicitFileType = wrapper.application; includeInIndex = 0; path = study_swift.app; sourceTree = BUILT_PRODUCTS_DIR; };
		F71B5DEC292F82D8007E3730 /* study_swiftApp.swift */ = {isa = PBXFileReference; lastKnownFileType = sourcecode.swift; path = study_swiftApp.swift; sourceTree = "<group>"; };
		F71B5DEE292F82D8007E3730 /* ContentView.swift */ = {isa = PBXFileReference; lastKnownFileType = sourcecode.swift; path = ContentView.swift; sourceTree = "<group>"; };
		F71B5DF0292F82D9007E3730 /* Assets.xcassets */ = {isa = PBXFileReference; lastKnownFileType = folder.assetcatalog; path = Assets.xcassets; sourceTree = "<group>"; };
		F71B5DF3292F82D9007E3730 /* Preview Assets.xcassets */ = {isa = PBXFileReference; lastKnownFileType = folder.assetcatalog; path = "Preview Assets.xcassets"; sourceTree = "<group>"; };
		F71B5DF9292F82D9007E3730 /* study_swiftTests.xctest */ = {isa = PBXFileReference; explicitFileType = wrapper.cfbundle; includeInIndex = 0; path = study_swiftTests.xctest; sourceTree = BUILT_PRODUCTS_DIR; };
		F71B5DFD292F82D9007E3730 /* study_swiftTests.swift */ = {isa = PBXFileReference; lastKnownFileType = sourcecode.swift; path = study_swiftTests.swift; sourceTree = "<group>"; };
		F71B5E03292F82D9007E3730 /* study_swiftUITests.xctest */ = {isa = PBXFileReference; explicitFileType = wrapper.cfbundle; includeInIndex = 0; path = study_swiftUITests.xctest; sourceTree = BUILT_PRODUCTS_DIR; };
		F71B5E07292F82D9007E3730 /* study_swiftUITests.swift */ = {isa = PBXFileReference; lastKnownFileType = sourcecode.swift; path = study_swiftUITests.swift; sourceTree = "<group>"; };
		F71B5E09292F82D9007E3730 /* study_swiftUITestsLaunchTests.swift */ = {isa = PBXFileReference; lastKnownFileType = sourcecode.swift; path = study_swiftUITestsLaunchTests.swift; sourceTree = "<group>"; };
		F72B53D82940E1C10026B326 /* README.md */ = {isa = PBXFileReference; lastKnownFileType = net.daringfireball.markdown; path = README.md; sourceTree = "<group>"; };
/* End PBXFileReference section */

/* Begin PBXFrameworksBuildPhase section */
		F71B5DE6292F82D8007E3730 /* Frameworks */ = {
			isa = PBXFrameworksBuildPhase;
			buildActionMask = 2147483647;
			files = (
			);
			runOnlyForDeploymentPostprocessing = 0;
		};
		F71B5DF6292F82D9007E3730 /* Frameworks */ = {
			isa = PBXFrameworksBuildPhase;
			buildActionMask = 2147483647;
			files = (
			);
			runOnlyForDeploymentPostprocessing = 0;
		};
		F71B5E00292F82D9007E3730 /* Frameworks */ = {
			isa = PBXFrameworksBuildPhase;
			buildActionMask = 2147483647;
			files = (
			);
			runOnlyForDeploymentPostprocessing = 0;
		};
/* End PBXFrameworksBuildPhase section */

/* Begin PBXGroup section */
		F71B5DE0292F82D8007E3730 = {
			isa = PBXGroup;
			children = (
				F72B53D82940E1C10026B326 /* README.md */,
				F71B5DEB292F82D8007E3730 /* study_swift */,
				F71B5DFC292F82D9007E3730 /* study_swiftTests */,
				F71B5E06292F82D9007E3730 /* study_swiftUITests */,
				F71B5DEA292F82D8007E3730 /* Products */,
			);
			sourceTree = "<group>";
		};
		F71B5DEA292F82D8007E3730 /* Products */ = {
			isa = PBXGroup;
			children = (
				F71B5DE9292F82D8007E3730 /* study_swift.app */,
				F71B5DF9292F82D9007E3730 /* study_swiftTests.xctest */,
				F71B5E03292F82D9007E3730 /* study_swiftUITests.xctest */,
			);
			name = Products;
			sourceTree = "<group>";
		};
		F71B5DEB292F82D8007E3730 /* study_swift */ = {
			isa = PBXGroup;
			children = (
				F71B5DEC292F82D8007E3730 /* study_swiftApp.swift */,
				F71B5DEE292F82D8007E3730 /* ContentView.swift */,
				F71B5DF0292F82D9007E3730 /* Assets.xcassets */,
				F71B5DF2292F82D9007E3730 /* Preview Content */,
			);
			path = study_swift;
			sourceTree = "<group>";
		};
		F71B5DF2292F82D9007E3730 /* Preview Content */ = {
			isa = PBXGroup;
			children = (
				F71B5DF3292F82D9007E3730 /* Preview Assets.xcassets */,
			);
			path = "Preview Content";
			sourceTree = "<group>";
		};
		F71B5DFC292F82D9007E3730 /* study_swiftTests */ = {
			isa = PBXGroup;
			children = (
				F71B5DFD292F82D9007E3730 /* study_swiftTests.swift */,
			);
			path = study_swiftTests;
			sourceTree = "<group>";
		};
		F71B5E06292F82D9007E3730 /* study_swiftUITests */ = {
			isa = PBXGroup;
			children = (
				F71B5E07292F82D9007E3730 /* study_swiftUITests.swift */,
				F71B5E09292F82D9007E3730 /* study_swiftUITestsLaunchTests.swift */,
			);
			path = study_swiftUITests;
			sourceTree = "<group>";
		};
/* End PBXGroup section */

/* Begin PBXNativeTarget section */
		F71B5DE8292F82D8007E3730 /* study_swift */ = {
			isa = PBXNativeTarget;
			buildConfigurationList = F71B5E0D292F82D9007E3730 /* Build configuration list for PBXNativeTarget "study_swift" */;
			buildPhases = (
				F71B5DE5292F82D8007E3730 /* Sources */,
				F71B5DE6292F82D8007E3730 /* Frameworks */,
				F71B5DE7292F82D8007E3730 /* Resources */,
			);
			buildRules = (
			);
			dependencies = (
			);
			name = study_swift;
			productName = study_swift;
			productReference = F71B5DE9292F82D8007E3730 /* study_swift.app */;
			productType = "com.apple.product-type.application";
		};
		F71B5DF8292F82D9007E3730 /* study_swiftTests */ = {
			isa = PBXNativeTarget;
			buildConfigurationList = F71B5E10292F82D9007E3730 /* Build configuration list for PBXNativeTarget "study_swiftTests" */;
			buildPhases = (
				F71B5DF5292F82D9007E3730 /* Sources */,
				F71B5DF6292F82D9007E3730 /* Frameworks */,
				F71B5DF7292F82D9007E3730 /* Resources */,
			);
			buildRules = (
			);
			dependencies = (
				F71B5DFB292F82D9007E3730 /* PBXTargetDependency */,
			);
			name = study_swiftTests;
			productName = study_swiftTests;
			productReference = F71B5DF9292F82D9007E3730 /* study_swiftTests.xctest */;
			productType = "com.apple.product-type.bundle.unit-test";
		};
		F71B5E02292F82D9007E3730 /* study_swiftUITests */ = {
			isa = PBXNativeTarget;
			buildConfigurationList = F71B5E13292F82D9007E3730 /* Build configuration list for PBXNativeTarget "study_swiftUITests" */;
			buildPhases = (
				F71B5DFF292F82D9007E3730 /* Sources */,
				F71B5E00292F82D9007E3730 /* Frameworks */,
				F71B5E01292F82D9007E3730 /* Resources */,
			);
			buildRules = (
			);
			dependencies = (
				F71B5E05292F82D9007E3730 /* PBXTargetDependency */,
			);
			name = study_swiftUITests;
			productName = study_swiftUITests;
			productReference = F71B5E03292F82D9007E3730 /* study_swiftUITests.xctest */;
			productType = "com.apple.product-type.bundle.ui-testing";
		};
/* End PBXNativeTarget section */

/* Begin PBXProject section */
		F71B5DE1292F82D8007E3730 /* Project object */ = {
			isa = PBXProject;
			attributes = {
				BuildIndependentTargetsInParallel = 1;
				LastSwiftUpdateCheck = 1410;
				LastUpgradeCheck = 1410;
				TargetAttributes = {
					F71B5DE8292F82D8007E3730 = {
						CreatedOnToolsVersion = 14.1;
					};
					F71B5DF8292F82D9007E3730 = {
						CreatedOnToolsVersion = 14.1;
						TestTargetID = F71B5DE8292F82D8007E3730;
					};
					F71B5E02292F82D9007E3730 = {
						CreatedOnToolsVersion = 14.1;
						TestTargetID = F71B5DE8292F82D8007E3730;
					};
				};
			};
			buildConfigurationList = F71B5DE4292F82D8007E3730 /* Build configuration list for PBXProject "study_swift" */;
			compatibilityVersion = "Xcode 14.0";
			developmentRegion = en;
			hasScannedForEncodings = 0;
			knownRegions = (
				en,
				Base,
			);
			mainGroup = F71B5DE0292F82D8007E3730;
			productRefGroup = F71B5DEA292F82D8007E3730 /* Products */;
			projectDirPath = "";
			projectRoot = "";
			targets = (
				F71B5DE8292F82D8007E3730 /* study_swift */,
				F71B5DF8292F82D9007E3730 /* study_swiftTests */,
				F71B5E02292F82D9007E3730 /* study_swiftUITests */,
			);
		};
/* End PBXProject section */

/* Begin PBXResourcesBuildPhase section */
		F71B5DE7292F82D8007E3730 /* Resources */ = {
			isa = PBXResourcesBuildPhase;
			buildActionMask = 2147483647;
			files = (
				F71B5DF4292F82D9007E3730 /* Preview Assets.xcassets in Resources */,
				F71B5DF1292F82D9007E3730 /* Assets.xcassets in Resources */,
			);
			runOnlyForDeploymentPostprocessing = 0;
		};
		F71B5DF7292F82D9007E3730 /* Resources */ = {
			isa = PBXResourcesBuildPhase;
			buildActionMask = 2147483647;
			files = (
			);
			runOnlyForDeploymentPostprocessing = 0;
		};
		F71B5E01292F82D9007E3730 /* Resources */ = {
			isa = PBXResourcesBuildPhase;
			buildActionMask = 2147483647;
			files = (
			);
			runOnlyForDeploymentPostprocessing = 0;
		};
/* End PBXResourcesBuildPhase section */

/* Begin PBXSourcesBuildPhase section */
		F71B5DE5292F82D8007E3730 /* Sources */ = {
			isa = PBXSourcesBuildPhase;
			buildActionMask = 2147483647;
			files = (
				F71B5DEF292F82D8007E3730 /* ContentView.swift in Sources */,
				F71B5DED292F82D8007E3730 /* study_swiftApp.swift in Sources */,
			);
			runOnlyForDeploymentPostprocessing = 0;
		};
		F71B5DF5292F82D9007E3730 /* Sources */ = {
			isa = PBXSourcesBuildPhase;
			buildActionMask = 2147483647;
			files = (
				F71B5DFE292F82D9007E3730 /* study_swiftTests.swift in Sources */,
			);
			runOnlyForDeploymentPostprocessing = 0;
		};
		F71B5DFF292F82D9007E3730 /* Sources */ = {
			isa = PBXSourcesBuildPhase;
			buildActionMask = 2147483647;
			files = (
				F71B5E0A292F82D9007E3730 /* study_swiftUITestsLaunchTests.swift in Sources */,
				F71B5E08292F82D9007E3730 /* study_swiftUITests.swift in Sources */,
			);
			runOnlyForDeploymentPostprocessing = 0;
		};
/* End PBXSourcesBuildPhase section */

/* Begin PBXTargetDependency section */
		F71B5DFB292F82D9007E3730 /* PBXTargetDependency */ = {
			isa = PBXTargetDependency;
			target = F71B5DE8292F82D8007E3730 /* study_swift */;
			targetProxy = F71B5DFA292F82D9007E3730 /* PBXContainerItemProxy */;
		};
		F71B5E05292F82D9007E3730 /* PBXTargetDependency */ = {
			isa = PBXTargetDependency;
			target = F71B5DE8292F82D8007E3730 /* study_swift */;
			targetProxy = F71B5E04292F82D9007E3730 /* PBXContainerItemProxy */;
		};
/* End PBXTargetDependency section */

/* Begin XCBuildConfiguration section */
		F71B5E0B292F82D9007E3730 /* Debug */ = {
			isa = XCBuildConfiguration;
			buildSettings = {
				ALWAYS_SEARCH_USER_PATHS = NO;
				CLANG_ANALYZER_NONNULL = YES;
				CLANG_ANALYZER_NUMBER_OBJECT_CONVERSION = YES_AGGRESSIVE;
				CLANG_CXX_LANGUAGE_STANDARD = "gnu++20";
				CLANG_ENABLE_MODULES = YES;
				CLANG_ENABLE_OBJC_ARC = YES;
				CLANG_ENABLE_OBJC_WEAK = YES;
				CLANG_WARN_BLOCK_CAPTURE_AUTORELEASING = YES;
				CLANG_WARN_BOOL_CONVERSION = YES;
				CLANG_WARN_COMMA = YES;
				CLANG_WARN_CONSTANT_CONVERSION = YES;
				CLANG_WARN_DEPRECATED_OBJC_IMPLEMENTATIONS = YES;
				CLANG_WARN_DIRECT_OBJC_ISA_USAGE = YES_ERROR;
				CLANG_WARN_DOCUMENTATION_COMMENTS = YES;
				CLANG_WARN_EMPTY_BODY = YES;
				CLANG_WARN_ENUM_CONVERSION = YES;
				CLANG_WARN_INFINITE_RECURSION = YES;
				CLANG_WARN_INT_CONVERSION = YES;
				CLANG_WARN_NON_LITERAL_NULL_CONVERSION = YES;
				CLANG_WARN_OBJC_IMPLICIT_RETAIN_SELF = YES;
				CLANG_WARN_OBJC_LITERAL_CONVERSION = YES;
				CLANG_WARN_OBJC_ROOT_CLASS = YES_ERROR;
				CLANG_WARN_QUOTED_INCLUDE_IN_FRAMEWORK_HEADER = YES;
				CLANG_WARN_RANGE_LOOP_ANALYSIS = YES;
				CLANG_WARN_STRICT_PROTOTYPES = YES;
				CLANG_WARN_SUSPICIOUS_MOVE = YES;
				CLANG_WARN_UNGUARDED_AVAILABILITY = YES_AGGRESSIVE;
				CLANG_WARN_UNREACHABLE_CODE = YES;
				CLANG_WARN__DUPLICATE_METHOD_MATCH = YES;
				COPY_PHASE_STRIP = NO;
				DEBUG_INFORMATION_FORMAT = dwarf;
				ENABLE_STRICT_OBJC_MSGSEND = YES;
				ENABLE_TESTABILITY = YES;
				GCC_C_LANGUAGE_STANDARD = gnu11;
				GCC_DYNAMIC_NO_PIC = NO;
				GCC_NO_COMMON_BLOCKS = YES;
				GCC_OPTIMIZATION_LEVEL = 0;
				GCC_PREPROCESSOR_DEFINITIONS = (
					"DEBUG=1",
					"$(inherited)",
				);
				GCC_WARN_64_TO_32_BIT_CONVERSION = YES;
				GCC_WARN_ABOUT_RETURN_TYPE = YES_ERROR;
				GCC_WARN_UNDECLARED_SELECTOR = YES;
				GCC_WARN_UNINITIALIZED_AUTOS = YES_AGGRESSIVE;
				GCC_WARN_UNUSED_FUNCTION = YES;
				GCC_WARN_UNUSED_VARIABLE = YES;
				IPHONEOS_DEPLOYMENT_TARGET = 16.1;
				MTL_ENABLE_DEBUG_INFO = INCLUDE_SOURCE;
				MTL_FAST_MATH = YES;
				ONLY_ACTIVE_ARCH = YES;
				SDKROOT = iphoneos;
				SWIFT_ACTIVE_COMPILATION_CONDITIONS = DEBUG;
				SWIFT_OPTIMIZATION_LEVEL = "-Onone";
			};
			name = Debug;
		};
		F71B5E0C292F82D9007E3730 /* Release */ = {
			isa = XCBuildConfiguration;
			buildSettings = {
				ALWAYS_SEARCH_USER_PATHS = NO;
				CLANG_ANALYZER_NONNULL = YES;
				CLANG_ANALYZER_NUMBER_OBJECT_CONVERSION = YES_AGGRESSIVE;
				CLANG_CXX_LANGUAGE_STANDARD = "gnu++20";
				CLANG_ENABLE_MODULES = YES;
				CLANG_ENABLE_OBJC_ARC = YES;
				CLANG_ENABLE_OBJC_WEAK = YES;
				CLANG_WARN_BLOCK_CAPTURE_AUTORELEASING = YES;
				CLANG_WARN_BOOL_CONVERSION = YES;
				CLANG_WARN_COMMA = YES;
				CLANG_WARN_CONSTANT_CONVERSION = YES;
				CLANG_WARN_DEPRECATED_OBJC_IMPLEMENTATIONS = YES;
				CLANG_WARN_DIRECT_OBJC_ISA_USAGE = YES_ERROR;
				CLANG_WARN_DOCUMENTATION_COMMENTS = YES;
				CLANG_WARN_EMPTY_BODY = YES;
				CLANG_WARN_ENUM_CONVERSION = YES;
				CLANG_WARN_INFINITE_RECURSION = YES;
				CLANG_WARN_INT_CONVERSION = YES;
				CLANG_WARN_NON_LITERAL_NULL_CONVERSION = YES;
				CLANG_WARN_OBJC_IMPLICIT_RETAIN_SELF = YES;
				CLANG_WARN_OBJC_LITERAL_CONVERSION = YES;
				CLANG_WARN_OBJC_ROOT_CLASS = YES_ERROR;
				CLANG_WARN_QUOTED_INCLUDE_IN_FRAMEWORK_HEADER = YES;
				CLANG_WARN_RANGE_LOOP_ANALYSIS = YES;
				CLANG_WARN_STRICT_PROTOTYPES = YES;
				CLANG_WARN_SUSPICIOUS_MOVE = YES;
				CLANG_WARN_UNGUARDED_AVAILABILITY = YES_AGGRESSIVE;
				CLANG_WARN_UNREACHABLE_CODE = YES;
				CLANG_WARN__DUPLICATE_METHOD_MATCH = YES;
				COPY_PHASE_STRIP = NO;
				DEBUG_INFORMATION_FORMAT = "dwarf-with-dsym";
				ENABLE_NS_ASSERTIONS = NO;
				ENABLE_STRICT_OBJC_MSGSEND = YES;
				GCC_C_LANGUAGE_STANDARD = gnu11;
				GCC_NO_COMMON_BLOCKS = YES;
				GCC_WARN_64_TO_32_BIT_CONVERSION = YES;
				GCC_WARN_ABOUT_RETURN_TYPE = YES_ERROR;
				GCC_WARN_UNDECLARED_SELECTOR = YES;
				GCC_WARN_UNINITIALIZED_AUTOS = YES_AGGRESSIVE;
				GCC_WARN_UNUSED_FUNCTION = YES;
				GCC_WARN_UNUSED_VARIABLE = YES;
				IPHONEOS_DEPLOYMENT_TARGET = 16.1;
				MTL_ENABLE_DEBUG_INFO = NO;
				MTL_FAST_MATH = YES;
				SDKROOT = iphoneos;
				SWIFT_COMPILATION_MODE = wholemodule;
				SWIFT_OPTIMIZATION_LEVEL = "-O";
				VALIDATE_PRODUCT = YES;
			};
			name = Release;
		};
		F71B5E0E292F82D9007E3730 /* Debug */ = {
			isa = XCBuildConfiguration;
			buildSettings = {
				ASSETCATALOG_COMPILER_APPICON_NAME = AppIcon;
				ASSETCATALOG_COMPILER_GLOBAL_ACCENT_COLOR_NAME = AccentColor;
				CODE_SIGN_STYLE = Automatic;
				CURRENT_PROJECT_VERSION = 1;
				DEVELOPMENT_ASSET_PATHS = "\"study_swift/Preview Content\"";
				DEVELOPMENT_TEAM = 4Q3LQ56J9U;
				ENABLE_PREVIEWS = YES;
				GENERATE_INFOPLIST_FILE = YES;
				INFOPLIST_KEY_UIApplicationSceneManifest_Generation = YES;
				INFOPLIST_KEY_UIApplicationSupportsIndirectInputEvents = YES;
				INFOPLIST_KEY_UILaunchScreen_Generation = YES;
				INFOPLIST_KEY_UISupportedInterfaceOrientations_iPad = "UIInterfaceOrientationPortrait UIInterfaceOrientationPortraitUpsideDown UIInterfaceOrientationLandscapeLeft UIInterfaceOrientationLandscapeRight";
				INFOPLIST_KEY_UISupportedInterfaceOrientations_iPhone = "UIInterfaceOrientationPortrait UIInterfaceOrientationLandscapeLeft UIInterfaceOrientationLandscapeRight";
				LD_RUNPATH_SEARCH_PATHS = (
					"$(inherited)",
					"@executable_path/Frameworks",
				);
				MARKETING_VERSION = 1.0;
				PRODUCT_BUNDLE_IDENTIFIER = "Bong.study-swift";
				PRODUCT_NAME = "$(TARGET_NAME)";
				SWIFT_EMIT_LOC_STRINGS = YES;
				SWIFT_VERSION = 5.0;
				TARGETED_DEVICE_FAMILY = "1,2";
			};
			name = Debug;
		};
		F71B5E0F292F82D9007E3730 /* Release */ = {
			isa = XCBuildConfiguration;
			buildSettings = {
				ASSETCATALOG_COMPILER_APPICON_NAME = AppIcon;
				ASSETCATALOG_COMPILER_GLOBAL_ACCENT_COLOR_NAME = AccentColor;
				CODE_SIGN_STYLE = Automatic;
				CURRENT_PROJECT_VERSION = 1;
				DEVELOPMENT_ASSET_PATHS = "\"study_swift/Preview Content\"";
				DEVELOPMENT_TEAM = 4Q3LQ56J9U;
				ENABLE_PREVIEWS = YES;
				GENERATE_INFOPLIST_FILE = YES;
				INFOPLIST_KEY_UIApplicationSceneManifest_Generation = YES;
				INFOPLIST_KEY_UIApplicationSupportsIndirectInputEvents = YES;
				INFOPLIST_KEY_UILaunchScreen_Generation = YES;
				INFOPLIST_KEY_UISupportedInterfaceOrientations_iPad = "UIInterfaceOrientationPortrait UIInterfaceOrientationPortraitUpsideDown UIInterfaceOrientationLandscapeLeft UIInterfaceOrientationLandscapeRight";
				INFOPLIST_KEY_UISupportedInterfaceOrientations_iPhone = "UIInterfaceOrientationPortrait UIInterfaceOrientationLandscapeLeft UIInterfaceOrientationLandscapeRight";
				LD_RUNPATH_SEARCH_PATHS = (
					"$(inherited)",
					"@executable_path/Frameworks",
				);
				MARKETING_VERSION = 1.0;
				PRODUCT_BUNDLE_IDENTIFIER = "Bong.study-swift";
				PRODUCT_NAME = "$(TARGET_NAME)";
				SWIFT_EMIT_LOC_STRINGS = YES;
				SWIFT_VERSION = 5.0;
				TARGETED_DEVICE_FAMILY = "1,2";
			};
			name = Release;
		};
		F71B5E11292F82D9007E3730 /* Debug */ = {
			isa = XCBuildConfiguration;
			buildSettings = {
				ALWAYS_EMBED_SWIFT_STANDARD_LIBRARIES = YES;
				BUNDLE_LOADER = "$(TEST_HOST)";
				CODE_SIGN_STYLE = Automatic;
				CURRENT_PROJECT_VERSION = 1;
				DEVELOPMENT_TEAM = 4Q3LQ56J9U;
				GENERATE_INFOPLIST_FILE = YES;
				IPHONEOS_DEPLOYMENT_TARGET = 16.1;
				MARKETING_VERSION = 1.0;
				PRODUCT_BUNDLE_IDENTIFIER = "Bong.study-swiftTests";
				PRODUCT_NAME = "$(TARGET_NAME)";
				SWIFT_EMIT_LOC_STRINGS = NO;
				SWIFT_VERSION = 5.0;
				TARGETED_DEVICE_FAMILY = "1,2";
				TEST_HOST = "$(BUILT_PRODUCTS_DIR)/study_swift.app/$(BUNDLE_EXECUTABLE_FOLDER_PATH)/study_swift";
			};
			name = Debug;
		};
		F71B5E12292F82D9007E3730 /* Release */ = {
			isa = XCBuildConfiguration;
			buildSettings = {
				ALWAYS_EMBED_SWIFT_STANDARD_LIBRARIES = YES;
				BUNDLE_LOADER = "$(TEST_HOST)";
				CODE_SIGN_STYLE = Automatic;
				CURRENT_PROJECT_VERSION = 1;
				DEVELOPMENT_TEAM = 4Q3LQ56J9U;
				GENERATE_INFOPLIST_FILE = YES;
				IPHONEOS_DEPLOYMENT_TARGET = 16.1;
				MARKETING_VERSION = 1.0;
				PRODUCT_BUNDLE_IDENTIFIER = "Bong.study-swiftTests";
				PRODUCT_NAME = "$(TARGET_NAME)";
				SWIFT_EMIT_LOC_STRINGS = NO;
				SWIFT_VERSION = 5.0;
				TARGETED_DEVICE_FAMILY = "1,2";
				TEST_HOST = "$(BUILT_PRODUCTS_DIR)/study_swift.app/$(BUNDLE_EXECUTABLE_FOLDER_PATH)/study_swift";
			};
			name = Release;
		};
		F71B5E14292F82D9007E3730 /* Debug */ = {
			isa = XCBuildConfiguration;
			buildSettings = {
				ALWAYS_EMBED_SWIFT_STANDARD_LIBRARIES = YES;
				CODE_SIGN_STYLE = Automatic;
				CURRENT_PROJECT_VERSION = 1;
				DEVELOPMENT_TEAM = 4Q3LQ56J9U;
				GENERATE_INFOPLIST_FILE = YES;
				MARKETING_VERSION = 1.0;
				PRODUCT_BUNDLE_IDENTIFIER = "Bong.study-swiftUITests";
				PRODUCT_NAME = "$(TARGET_NAME)";
				SWIFT_EMIT_LOC_STRINGS = NO;
				SWIFT_VERSION = 5.0;
				TARGETED_DEVICE_FAMILY = "1,2";
				TEST_TARGET_NAME = study_swift;
			};
			name = Debug;
		};
		F71B5E15292F82D9007E3730 /* Release */ = {
			isa = XCBuildConfiguration;
			buildSettings = {
				ALWAYS_EMBED_SWIFT_STANDARD_LIBRARIES = YES;
				CODE_SIGN_STYLE = Automatic;
				CURRENT_PROJECT_VERSION = 1;
				DEVELOPMENT_TEAM = 4Q3LQ56J9U;
				GENERATE_INFOPLIST_FILE = YES;
				MARKETING_VERSION = 1.0;
				PRODUCT_BUNDLE_IDENTIFIER = "Bong.study-swiftUITests";
				PRODUCT_NAME = "$(TARGET_NAME)";
				SWIFT_EMIT_LOC_STRINGS = NO;
				SWIFT_VERSION = 5.0;
				TARGETED_DEVICE_FAMILY = "1,2";
				TEST_TARGET_NAME = study_swift;
			};
			name = Release;
		};
/* End XCBuildConfiguration section */

/* Begin XCConfigurationList section */
		F71B5DE4292F82D8007E3730 /* Build configuration list for PBXProject "study_swift" */ = {
			isa = XCConfigurationList;
			buildConfigurations = (
				F71B5E0B292F82D9007E3730 /* Debug */,
				F71B5E0C292F82D9007E3730 /* Release */,
			);
			defaultConfigurationIsVisible = 0;
			defaultConfigurationName = Release;
		};
		F71B5E0D292F82D9007E3730 /* Build configuration list for PBXNativeTarget "study_swift" */ = {
			isa = XCConfigurationList;
			buildConfigurations = (
				F71B5E0E292F82D9007E3730 /* Debug */,
				F71B5E0F292F82D9007E3730 /* Release */,
			);
			defaultConfigurationIsVisible = 0;
			defaultConfigurationName = Release;
		};
		F71B5E10292F82D9007E3730 /* Build configuration list for PBXNativeTarget "study_swiftTests" */ = {
			isa = XCConfigurationList;
			buildConfigurations = (
				F71B5E11292F82D9007E3730 /* Debug */,
				F71B5E12292F82D9007E3730 /* Release */,
			);
			defaultConfigurationIsVisible = 0;
			defaultConfigurationName = Release;
		};
		F71B5E13292F82D9007E3730 /* Build configuration list for PBXNativeTarget "study_swiftUITests" */ = {
			isa = XCConfigurationList;
			buildConfigurations = (
				F71B5E14292F82D9007E3730 /* Debug */,
				F71B5E15292F82D9007E3730 /* Release */,
			);
			defaultConfigurationIsVisible = 0;
			defaultConfigurationName = Release;
		};
/* End XCConfigurationList section */
	};
	rootObject = F71B5DE1292F82D8007E3730 /* Project object */;
}
